{
  "requires": true,
  "lockfileVersion": 1,
  "dependencies": {
    "checkboxes.js": {
      "version": "1.2.2",
      "resolved": "https://registry.npmjs.org/checkboxes.js/-/checkboxes.js-1.2.2.tgz",
      "integrity": "sha512-CUloSEI4QEmyy5p+9OKhhu/zqxwwc1XIZtT6Htgplp5YpzPa0h/5h3e3psoso5L2DqpvRUaDNHhuHuQAlCiNrA==",
      "requires": {
        "jquery": "^3.3.1"
      }
    },
    "jquery": {
      "version": "3.4.1",
      "resolved": "https://registry.npmjs.org/jquery/-/jquery-3.4.1.tgz",
      "integrity": "sha512-36+AdBzCL+y6qjw5Tx7HgzeGCzC81MDDgaUP8ld2zhx58HdqXGoBd+tHdrBMiyjGQs0Hxs/MLZTu/eHNJJuWPw=="
    }
  }
}
